
Microsoft Visual Studio Solution File, Format Version 12.00
# Visual Studio Version 17
VisualStudioVersion = 17.4.33103.184
MinimumVisualStudioVersion = 10.0.40219.1
Project("{FAE04EC0-301F-11D3-BF4B-00C04F79EFBC}") = "NLayer.Core", "NLayer.Core\NLayer.Core.csproj", "{B0C5F3C4-F8CA-4FBE-8809-B3D390A7E47A}"
EndProject
Project("{FAE04EC0-301F-11D3-BF4B-00C04F79EFBC}") = "NLayer.Repository", "NLayer.Repository\NLayer.Repository.csproj", "{D7E8A2E6-5752-493A-AD78-10A462695C48}"
EndProject
Project("{FAE04EC0-301F-11D3-BF4B-00C04F79EFBC}") = "NLayer.Service", "NLayer.Service\NLayer.Service.csproj", "{B19072E1-5E62-4CFC-B18E-E055BCE7D6FD}"
EndProject
Project("{FAE04EC0-301F-11D3-BF4B-00C04F79EFBC}") = "NLayer.API", "NLayer.API\NLayer.API.csproj", "{182A0D1C-D7C0-437D-BD2B-306C672F82A0}"
EndProject
Project("{FAE04EC0-301F-11D3-BF4B-00C04F79EFBC}") = "NLayer.Web", "NLayer.Web\NLayer.Web.csproj", "{B27F5A5F-A077-45D0-8C38-D3E5E351CDF0}"
EndProject
Project("{FAE04EC0-301F-11D3-BF4B-00C04F79EFBC}") = "NLayer.Caching", "NLayer.Caching\NLayer.Caching.csproj", "{15437DF9-8710-46EF-8EA1-56DBDA000B27}"
EndProject
Global
	GlobalSection(SolutionConfigurationPlatforms) = preSolution
		Debug|Any CPU = Debug|Any CPU
		Release|Any CPU = Release|Any CPU
	EndGlobalSection
	GlobalSection(ProjectConfigurationPlatforms) = postSolution
		{B0C5F3C4-F8CA-4FBE-8809-B3D390A7E47A}.Debug|Any CPU.ActiveCfg = Debug|Any CPU
		{B0C5F3C4-F8CA-4FBE-8809-B3D390A7E47A}.Debug|Any CPU.Build.0 = Debug|Any CPU
		{B0C5F3C4-F8CA-4FBE-8809-B3D390A7E47A}.Release|Any CPU.ActiveCfg = Release|Any CPU
		{B0C5F3C4-F8CA-4FBE-8809-B3D390A7E47A}.Release|Any CPU.Build.0 = Release|Any CPU
		{D7E8A2E6-5752-493A-AD78-10A462695C48}.Debug|Any CPU.ActiveCfg = Debug|Any CPU
		{D7E8A2E6-5752-493A-AD78-10A462695C48}.Debug|Any CPU.Build.0 = Debug|Any CPU
		{D7E8A2E6-5752-493A-AD78-10A462695C48}.Release|Any CPU.ActiveCfg = Release|Any CPU
		{D7E8A2E6-5752-493A-AD78-10A462695C48}.Release|Any CPU.Build.0 = Release|Any CPU
		{B19072E1-5E62-4CFC-B18E-E055BCE7D6FD}.Debug|Any CPU.ActiveCfg = Debug|Any CPU
		{B19072E1-5E62-4CFC-B18E-E055BCE7D6FD}.Debug|Any CPU.Build.0 = Debug|Any CPU
		{B19072E1-5E62-4CFC-B18E-E055BCE7D6FD}.Release|Any CPU.ActiveCfg = Release|Any CPU
		{B19072E1-5E62-4CFC-B18E-E055BCE7D6FD}.Release|Any CPU.Build.0 = Release|Any CPU
		{182A0D1C-D7C0-437D-BD2B-306C672F82A0}.Debug|Any CPU.ActiveCfg = Debug|Any CPU
		{182A0D1C-D7C0-437D-BD2B-306C672F82A0}.Debug|Any CPU.Build.0 = Debug|Any CPU
		{182A0D1C-D7C0-437D-BD2B-306C672F82A0}.Release|Any CPU.ActiveCfg = Release|Any CPU
		{182A0D1C-D7C0-437D-BD2B-306C672F82A0}.Release|Any CPU.Build.0 = Release|Any CPU
		{B27F5A5F-A077-45D0-8C38-D3E5E351CDF0}.Debug|Any CPU.ActiveCfg = Debug|Any CPU
		{B27F5A5F-A077-45D0-8C38-D3E5E351CDF0}.Debug|Any CPU.Build.0 = Debug|Any CPU
		{B27F5A5F-A077-45D0-8C38-D3E5E351CDF0}.Release|Any CPU.ActiveCfg = Release|Any CPU
		{B27F5A5F-A077-45D0-8C38-D3E5E351CDF0}.Release|Any CPU.Build.0 = Release|Any CPU
		{15437DF9-8710-46EF-8EA1-56DBDA000B27}.Debug|Any CPU.ActiveCfg = Debug|Any CPU
		{15437DF9-8710-46EF-8EA1-56DBDA000B27}.Debug|Any CPU.Build.0 = Debug|Any CPU
		{15437DF9-8710-46EF-8EA1-56DBDA000B27}.Release|Any CPU.ActiveCfg = Release|Any CPU
		{15437DF9-8710-46EF-8EA1-56DBDA000B27}.Release|Any CPU.Build.0 = Release|Any CPU
	EndGlobalSection
	GlobalSection(SolutionProperties) = preSolution
		HideSolutionNode = FALSE
	EndGlobalSection
	GlobalSection(ExtensibilityGlobals) = postSolution
		SolutionGuid = {78DD279E-CC77-4D33-969D-13DAC1B28A4E}
	EndGlobalSection
EndGlobal
